// !$*UTF8*$!
{
	archiveVersion = 1;
	classes = {
	};
	objectVersion = 48;
	objects = {

/* Begin PBXBuildFile section */
		62AA1E465CE3CCD7D2810D42 /* Pods_protoo_demo.framework in Frameworks */ = {isa = PBXBuildFile; fileRef = A92D070517F255A73F606999 /* Pods_protoo_demo.framework */; };
		F03219981FD6C2A00016BBA1 /* AppDelegate.swift in Sources */ = {isa = PBXBuildFile; fileRef = F03219971FD6C2A00016BBA1 /* AppDelegate.swift */; };
		F032199A1FD6C2A00016BBA1 /* ViewController.swift in Sources */ = {isa = PBXBuildFile; fileRef = F03219991FD6C2A00016BBA1 /* ViewController.swift */; };
		F032199D1FD6C2A00016BBA1 /* Main.storyboard in Resources */ = {isa = PBXBuildFile; fileRef = F032199B1FD6C2A00016BBA1 /* Main.storyboard */; };
		F032199F1FD6C2A00016BBA1 /* Assets.xcassets in Resources */ = {isa = PBXBuildFile; fileRef = F032199E1FD6C2A00016BBA1 /* Assets.xcassets */; };
		F03219A21FD6C2A00016BBA1 /* LaunchScreen.storyboard in Resources */ = {isa = PBXBuildFile; fileRef = F03219A01FD6C2A00016BBA1 /* LaunchScreen.storyboard */; };
/* End PBXBuildFile section */

/* Begin PBXFileReference section */
		8CF419EED23E90906F0C2829 /* Pods-protoo-demo.release.xcconfig */ = {isa = PBXFileReference; includeInIndex = 1; lastKnownFileType = text.xcconfig; name = "Pods-protoo-demo.release.xcconfig"; path = "../Pods/Target Support Files/Pods-protoo-demo/Pods-protoo-demo.release.xcconfig"; sourceTree = "<group>"; };
		A92D070517F255A73F606999 /* Pods_protoo_demo.framework */ = {isa = PBXFileReference; explicitFileType = wrapper.framework; includeInIndex = 0; path = Pods_protoo_demo.framework; sourceTree = BUILT_PRODUCTS_DIR; };
		AAEAB159EB74A076E9F8C9F7 /* Pods-protoo-demo.debug.xcconfig */ = {isa = PBXFileReference; includeInIndex = 1; lastKnownFileType = text.xcconfig; name = "Pods-protoo-demo.debug.xcconfig"; path = "../Pods/Target Support Files/Pods-protoo-demo/Pods-protoo-demo.debug.xcconfig"; sourceTree = "<group>"; };
		F03219941FD6C2A00016BBA1 /* protoo-demo.app */ = {isa = PBXFileReference; explicitFileType = wrapper.application; includeInIndex = 0; path = "protoo-demo.app"; sourceTree = BUILT_PRODUCTS_DIR; };
		F03219971FD6C2A00016BBA1 /* AppDelegate.swift */ = {isa = PBXFileReference; lastKnownFileType = sourcecode.swift; path = AppDelegate.swift; sourceTree = "<group>"; };
		F03219991FD6C2A00016BBA1 /* ViewController.swift */ = {isa = PBXFileReference; lastKnownFileType = sourcecode.swift; path = ViewController.swift; sourceTree = "<group>"; };
		F032199C1FD6C2A00016BBA1 /* Base */ = {isa = PBXFileReference; lastKnownFileType = file.storyboard; name = Base; path = Base.lproj/Main.storyboard; sourceTree = "<group>"; };
		F032199E1FD6C2A00016BBA1 /* Assets.xcassets */ = {isa = PBXFileReference; lastKnownFileType = folder.assetcatalog; path = Assets.xcassets; sourceTree = "<group>"; };
		F03219A11FD6C2A00016BBA1 /* Base */ = {isa = PBXFileReference; lastKnownFileType = file.storyboard; name = Base; path = Base.lproj/LaunchScreen.storyboard; sourceTree = "<group>"; };
		F03219A31FD6C2A00016BBA1 /* Info.plist */ = {isa = PBXFileReference; lastKnownFileType = text.plist.xml; path = Info.plist; sourceTree = "<group>"; };
/* End PBXFileReference section */

/* Begin PBXFrameworksBuildPhase section */
		F03219911FD6C2A00016BBA1 /* Frameworks */ = {
			isa = PBXFrameworksBuildPhase;
			buildActionMask = 2147483647;
			files = (
				62AA1E465CE3CCD7D2810D42 /* Pods_protoo_demo.framework in Frameworks */,
			);
			runOnlyForDeploymentPostprocessing = 0;
		};
/* End PBXFrameworksBuildPhase section */

/* Begin PBXGroup section */
		B7AC4C31CF21170B3A4D4BBF /* Frameworks */ = {
			isa = PBXGroup;
			children = (
				A92D070517F255A73F606999 /* Pods_protoo_demo.framework */,
			);
			name = Frameworks;
			sourceTree = "<group>";
		};
		E9868C13EFB757AB484ED892 /* Pods */ = {
			isa = PBXGroup;
			children = (
				AAEAB159EB74A076E9F8C9F7 /* Pods-protoo-demo.debug.xcconfig */,
				8CF419EED23E90906F0C2829 /* Pods-protoo-demo.release.xcconfig */,
			);
			name = Pods;
			sourceTree = "<group>";
		};
		F032198B1FD6C2A00016BBA1 = {
			isa = PBXGroup;
			children = (
				F03219961FD6C2A00016BBA1 /* protoo-demo */,
				F03219951FD6C2A00016BBA1 /* Products */,
				E9868C13EFB757AB484ED892 /* Pods */,
				B7AC4C31CF21170B3A4D4BBF /* Frameworks */,
			);
			sourceTree = "<group>";
		};
		F03219951FD6C2A00016BBA1 /* Products */ = {
			isa = PBXGroup;
			children = (
				F03219941FD6C2A00016BBA1 /* protoo-demo.app */,
			);
			name = Products;
			sourceTree = "<group>";
		};
		F03219961FD6C2A00016BBA1 /* protoo-demo */ = {
			isa = PBXGroup;
			children = (
				F03219971FD6C2A00016BBA1 /* AppDelegate.swift */,
				F03219991FD6C2A00016BBA1 /* ViewController.swift */,
				F032199B1FD6C2A00016BBA1 /* Main.storyboard */,
				F032199E1FD6C2A00016BBA1 /* Assets.xcassets */,
				F03219A01FD6C2A00016BBA1 /* LaunchScreen.storyboard */,
				F03219A31FD6C2A00016BBA1 /* Info.plist */,
			);
			path = "protoo-demo";
			sourceTree = "<group>";
		};
/* End PBXGroup section */

/* Begin PBXNativeTarget section */
		F03219931FD6C2A00016BBA1 /* protoo-demo */ = {
			isa = PBXNativeTarget;
			buildConfigurationList = F03219A61FD6C2A00016BBA1 /* Build configuration list for PBXNativeTarget "protoo-demo" */;
			buildPhases = (
				8A681869372D21C58A0C043C /* [CP] Check Pods Manifest.lock */,
				F03219901FD6C2A00016BBA1 /* Sources */,
				F03219911FD6C2A00016BBA1 /* Frameworks */,
				F03219921FD6C2A00016BBA1 /* Resources */,
				C8F9C87D48E950BAADBAD680 /* [CP] Embed Pods Frameworks */,
				854B408D99C31BB2BBCB8E35 /* [CP] Copy Pods Resources */,
			);
			buildRules = (
			);
			dependencies = (
			);
			name = "protoo-demo";
			productName = "protoo-demo";
			productReference = F03219941FD6C2A00016BBA1 /* protoo-demo.app */;
			productType = "com.apple.product-type.application";
		};
/* End PBXNativeTarget section */

/* Begin PBXProject section */
		F032198C1FD6C2A00016BBA1 /* Project object */ = {
			isa = PBXProject;
			attributes = {
				LastSwiftUpdateCheck = 0920;
				LastUpgradeCheck = 0920;
				ORGANIZATIONNAME = dotEngine;
				TargetAttributes = {
					F03219931FD6C2A00016BBA1 = {
						CreatedOnToolsVersion = 9.2;
						ProvisioningStyle = Automatic;
					};
				};
			};
			buildConfigurationList = F032198F1FD6C2A00016BBA1 /* Build configuration list for PBXProject "protoo-demo" */;
			compatibilityVersion = "Xcode 8.0";
			developmentRegion = en;
			hasScannedForEncodings = 0;
			knownRegions = (
				en,
				Base,
			);
			mainGroup = F032198B1FD6C2A00016BBA1;
			productRefGroup = F03219951FD6C2A00016BBA1 /* Products */;
			projectDirPath = "";
			projectRoot = "";
			targets = (
				F03219931FD6C2A00016BBA1 /* protoo-demo */,
			);
		};
/* End PBXProject section */

/* Begin PBXResourcesBuildPhase section */
		F03219921FD6C2A00016BBA1 /* Resources */ = {
			isa = PBXResourcesBuildPhase;
			buildActionMask = 2147483647;
			files = (
				F03219A21FD6C2A00016BBA1 /* LaunchScreen.storyboard in Resources */,
				F032199F1FD6C2A00016BBA1 /* Assets.xcassets in Resources */,
				F032199D1FD6C2A00016BBA1 /* Main.storyboard in Resources */,
			);
			runOnlyForDeploymentPostprocessing = 0;
		};
/* End PBXResourcesBuildPhase section */

/* Begin PBXShellScriptBuildPhase section */
		854B408D99C31BB2BBCB8E35 /* [CP] Copy Pods Resources */ = {
			isa = PBXShellScriptBuildPhase;
			buildActionMask = 2147483647;
			files = (
			);
			inputPaths = (
			);
			name = "[CP] Copy Pods Resources";
			outputPaths = (
			);
			runOnlyForDeploymentPostprocessing = 0;
			shellPath = /bin/sh;
			shellScript = "\"${SRCROOT}/../Pods/Target Support Files/Pods-protoo-demo/Pods-protoo-demo-resources.sh\"\n";
			showEnvVarsInLog = 0;
		};
		8A681869372D21C58A0C043C /* [CP] Check Pods Manifest.lock */ = {
			isa = PBXShellScriptBuildPhase;
			buildActionMask = 2147483647;
			files = (
			);
			inputPaths = (
				"${PODS_PODFILE_DIR_PATH}/Podfile.lock",
				"${PODS_ROOT}/Manifest.lock",
			);
			name = "[CP] Check Pods Manifest.lock";
			outputPaths = (
				"$(DERIVED_FILE_DIR)/Pods-protoo-demo-checkManifestLockResult.txt",
			);
			runOnlyForDeploymentPostprocessing = 0;
			shellPath = /bin/sh;
			shellScript = "diff \"${PODS_PODFILE_DIR_PATH}/Podfile.lock\" \"${PODS_ROOT}/Manifest.lock\" > /dev/null\nif [ $? != 0 ] ; then\n    # print error to STDERR\n    echo \"error: The sandbox is not in sync with the Podfile.lock. Run 'pod install' or update your CocoaPods installation.\" >&2\n    exit 1\nfi\n# This output is used by Xcode 'outputs' to avoid re-running this script phase.\necho \"SUCCESS\" > \"${SCRIPT_OUTPUT_FILE_0}\"\n";
			showEnvVarsInLog = 0;
		};
		C8F9C87D48E950BAADBAD680 /* [CP] Embed Pods Frameworks */ = {
			isa = PBXShellScriptBuildPhase;
			buildActionMask = 2147483647;
			files = (
			);
			inputPaths = (
			);
			name = "[CP] Embed Pods Frameworks";
			outputPaths = (
			);
			runOnlyForDeploymentPostprocessing = 0;
			shellPath = /bin/sh;
			shellScript = "\"${SRCROOT}/../Pods/Target Support Files/Pods-protoo-demo/Pods-protoo-demo-frameworks.sh\"\n";
			showEnvVarsInLog = 0;
		};
/* End PBXShellScriptBuildPhase section */

/* Begin PBXSourcesBuildPhase section */
		F03219901FD6C2A00016BBA1 /* Sources */ = {
			isa = PBXSourcesBuildPhase;
			buildActionMask = 2147483647;
			files = (
				F032199A1FD6C2A00016BBA1 /* ViewController.swift in Sources */,
				F03219981FD6C2A00016BBA1 /* AppDelegate.swift in Sources */,
			);
			runOnlyForDeploymentPostprocessing = 0;
		};
/* End PBXSourcesBuildPhase section */

/* Begin PBXVariantGroup section */
		F032199B1FD6C2A00016BBA1 /* Main.storyboard */ = {
			isa = PBXVariantGroup;
			children = (
				F032199C1FD6C2A00016BBA1 /* Base */,
			);
			name = Main.storyboard;
			sourceTree = "<group>";
		};
		F03219A01FD6C2A00016BBA1 /* LaunchScreen.storyboard */ = {
			isa = PBXVariantGroup;
			children = (
				F03219A11FD6C2A00016BBA1 /* Base */,
			);
			name = LaunchScreen.storyboard;
			sourceTree = "<group>";
		};
/* End PBXVariantGroup section */

/* Begin XCBuildConfiguration section */
		F03219A41FD6C2A00016BBA1 /* Debug */ = {
			isa = XCBuildConfiguration;
			buildSettings = {
				ALWAYS_SEARCH_USER_PATHS = NO;
				CLANG_ANALYZER_NONNULL = YES;
				CLANG_ANALYZER_NUMBER_OBJECT_CONVERSION = YES_AGGRESSIVE;
				CLANG_CXX_LANGUAGE_STANDARD = "gnu++14";
				CLANG_CXX_LIBRARY = "libc++";
				CLANG_ENABLE_MODULES = YES;
				CLANG_ENABLE_OBJC_ARC = YES;
				CLANG_WARN_BLOCK_CAPTURE_AUTORELEASING = YES;
				CLANG_WARN_BOOL_CONVERSION = YES;
				CLANG_WARN_COMMA = YES;
				CLANG_WARN_CONSTANT_CONVERSION = YES;
				CLANG_WARN_DIRECT_OBJC_ISA_USAGE = YES_ERROR;
				CLANG_WARN_DOCUMENTATION_COMMENTS = YES;
				CLANG_WARN_EMPTY_BODY = YES;
				CLANG_WARN_ENUM_CONVERSION = YES;
				CLANG_WARN_INFINITE_RECURSION = YES;
				CLANG_WARN_INT_CONVERSION = YES;
				CLANG_WARN_NON_LITERAL_NULL_CONVERSION = YES;
				CLANG_WARN_OBJC_LITERAL_CONVERSION = YES;
				CLANG_WARN_OBJC_ROOT_CLASS = YES_ERROR;
				CLANG_WARN_RANGE_LOOP_ANALYSIS = YES;
				CLANG_WARN_STRICT_PROTOTYPES = YES;
				CLANG_WARN_SUSPICIOUS_MOVE = YES;
				CLANG_WARN_UNGUARDED_AVAILABILITY = YES_AGGRESSIVE;
				CLANG_WARN_UNREACHABLE_CODE = YES;
				CLANG_WARN__DUPLICATE_METHOD_MATCH = YES;
				CODE_SIGN_IDENTITY = "iPhone Developer";
				COPY_PHASE_STRIP = NO;
				DEBUG_INFORMATION_FORMAT = dwarf;
				ENABLE_STRICT_OBJC_MSGSEND = YES;
				ENABLE_TESTABILITY = YES;
				GCC_C_LANGUAGE_STANDARD = gnu11;
				GCC_DYNAMIC_NO_PIC = NO;
				GCC_NO_COMMON_BLOCKS = YES;
				GCC_OPTIMIZATION_LEVEL = 0;
				GCC_PREPROCESSOR_DEFINITIONS = (
					"DEBUG=1",
					"$(inherited)",
				);
				GCC_WARN_64_TO_32_BIT_CONVERSION = YES;
				GCC_WARN_ABOUT_RETURN_TYPE = YES_ERROR;
				GCC_WARN_UNDECLARED_SELECTOR = YES;
				GCC_WARN_UNINITIALIZED_AUTOS = YES_AGGRESSIVE;
				GCC_WARN_UNUSED_FUNCTION = YES;
				GCC_WARN_UNUSED_VARIABLE = YES;
				IPHONEOS_DEPLOYMENT_TARGET = 11.2;
				MTL_ENABLE_DEBUG_INFO = YES;
				ONLY_ACTIVE_ARCH = YES;
				SDKROOT = iphoneos;
				SWIFT_ACTIVE_COMPILATION_CONDITIONS = DEBUG;
				SWIFT_OPTIMIZATION_LEVEL = "-Onone";
			};
			name = Debug;
		};
		F03219A51FD6C2A00016BBA1 /* Release */ = {
			isa = XCBuildConfiguration;
			buildSettings = {
				ALWAYS_SEARCH_USER_PATHS = NO;
				CLANG_ANALYZER_NONNULL = YES;
				CLANG_ANALYZER_NUMBER_OBJECT_CONVERSION = YES_AGGRESSIVE;
				CLANG_CXX_LANGUAGE_STANDARD = "gnu++14";
				CLANG_CXX_LIBRARY = "libc++";
				CLANG_ENABLE_MODULES = YES;
				CLANG_ENABLE_OBJC_ARC = YES;
				CLANG_WARN_BLOCK_CAPTURE_AUTORELEASING = YES;
				CLANG_WARN_BOOL_CONVERSION = YES;
				CLANG_WARN_COMMA = YES;
				CLANG_WARN_CONSTANT_CONVERSION = YES;
				CLANG_WARN_DIRECT_OBJC_ISA_USAGE = YES_ERROR;
				CLANG_WARN_DOCUMENTATION_COMMENTS = YES;
				CLANG_WARN_EMPTY_BODY = YES;
				CLANG_WARN_ENUM_CONVERSION = YES;
				CLANG_WARN_INFINITE_RECURSION = YES;
				CLANG_WARN_INT_CONVERSION = YES;
				CLANG_WARN_NON_LITERAL_NULL_CONVERSION = YES;
				CLANG_WARN_OBJC_LITERAL_CONVERSION = YES;
				CLANG_WARN_OBJC_ROOT_CLASS = YES_ERROR;
				CLANG_WARN_RANGE_LOOP_ANALYSIS = YES;
				CLANG_WARN_STRICT_PROTOTYPES = YES;
				CLANG_WARN_SUSPICIOUS_MOVE = YES;
				CLANG_WARN_UNGUARDED_AVAILABILITY = YES_AGGRESSIVE;
				CLANG_WARN_UNREACHABLE_CODE = YES;
				CLANG_WARN__DUPLICATE_METHOD_MATCH = YES;
				CODE_SIGN_IDENTITY = "iPhone Developer";
				COPY_PHASE_STRIP = NO;
				DEBUG_INFORMATION_FORMAT = "dwarf-with-dsym";
				ENABLE_NS_ASSERTIONS = NO;
				ENABLE_STRICT_OBJC_MSGSEND = YES;
				GCC_C_LANGUAGE_STANDARD = gnu11;
				GCC_NO_COMMON_BLOCKS = YES;
				GCC_WARN_64_TO_32_BIT_CONVERSION = YES;
				GCC_WARN_ABOUT_RETURN_TYPE = YES_ERROR;
				GCC_WARN_UNDECLARED_SELECTOR = YES;
				GCC_WARN_UNINITIALIZED_AUTOS = YES_AGGRESSIVE;
				GCC_WARN_UNUSED_FUNCTION = YES;
				GCC_WARN_UNUSED_VARIABLE = YES;
				IPHONEOS_DEPLOYMENT_TARGET = 11.2;
				MTL_ENABLE_DEBUG_INFO = NO;
				SDKROOT = iphoneos;
				SWIFT_OPTIMIZATION_LEVEL = "-Owholemodule";
				VALIDATE_PRODUCT = YES;
			};
			name = Release;
		};
		F03219A71FD6C2A00016BBA1 /* Debug */ = {
			isa = XCBuildConfiguration;
			baseConfigurationReference = AAEAB159EB74A076E9F8C9F7 /* Pods-protoo-demo.debug.xcconfig */;
			buildSettings = {
				ASSETCATALOG_COMPILER_APPICON_NAME = AppIcon;
				CODE_SIGN_STYLE = Automatic;
				DEVELOPMENT_TEAM = CLKRLU8RPY;
				INFOPLIST_FILE = "protoo-demo/Info.plist";
				LD_RUNPATH_SEARCH_PATHS = "$(inherited) @executable_path/Frameworks";
				PRODUCT_BUNDLE_IDENTIFIER = "cc.dot.protoo-demo";
				PRODUCT_NAME = "$(TARGET_NAME)";
				SWIFT_VERSION = 4.0;
				TARGETED_DEVICE_FAMILY = "1,2";
			};
			name = Debug;
		};
		F03219A81FD6C2A00016BBA1 /* Release */ = {
			isa = XCBuildConfiguration;
			baseConfigurationReference = 8CF419EED23E90906F0C2829 /* Pods-protoo-demo.release.xcconfig */;
			buildSettings = {
				ASSETCATALOG_COMPILER_APPICON_NAME = AppIcon;
				CODE_SIGN_STYLE = Automatic;
				DEVELOPMENT_TEAM = CLKRLU8RPY;
				INFOPLIST_FILE = "protoo-demo/Info.plist";
				LD_RUNPATH_SEARCH_PATHS = "$(inherited) @executable_path/Frameworks";
				PRODUCT_BUNDLE_IDENTIFIER = "cc.dot.protoo-demo";
				PRODUCT_NAME = "$(TARGET_NAME)";
				SWIFT_VERSION = 4.0;
				TARGETED_DEVICE_FAMILY = "1,2";
			};
			name = Release;
		};
/* End XCBuildConfiguration section */

/* Begin XCConfigurationList section */
		F032198F1FD6C2A00016BBA1 /* Build configuration list for PBXProject "protoo-demo" */ = {
			isa = XCConfigurationList;
			buildConfigurations = (
				F03219A41FD6C2A00016BBA1 /* Debug */,
				F03219A51FD6C2A00016BBA1 /* Release */,
			);
			defaultConfigurationIsVisible = 0;
			defaultConfigurationName = Release;
		};
		F03219A61FD6C2A00016BBA1 /* Build configuration list for PBXNativeTarget "protoo-demo" */ = {
			isa = XCConfigurationList;
			buildConfigurations = (
				F03219A71FD6C2A00016BBA1 /* Debug */,
				F03219A81FD6C2A00016BBA1 /* Release */,
			);
			defaultConfigurationIsVisible = 0;
			defaultConfigurationName = Release;
		};
/* End XCConfigurationList section */
	};
	rootObject = F032198C1FD6C2A00016BBA1 /* Project object */;
}
