// !$*UTF8*$!
{
	archiveVersion = 1;
	classes = {
	};
	objectVersion = 48;
	objects = {

/* Begin PBXBuildFile section */
		5F6EA608FE690F59908A5F01 /* Pods_protoo.framework in Frameworks */ = {isa = PBXBuildFile; fileRef = 1D84028B09E0B274CB59545A /* Pods_protoo.framework */; };
		F00F67321FD7ECAE00D5852F /* SwiftyJSON.framework in Frameworks */ = {isa = PBXBuildFile; fileRef = F00F67331FD7ECAE00D5852F /* SwiftyJSON.framework */; };
		F00F67351FD7FC3C00D5852F /* Retry.swift in Sources */ = {isa = PBXBuildFile; fileRef = F00F67341FD7FC3C00D5852F /* Retry.swift */; };
		F03219B81FD6C2FF0016BBA1 /* protoo.h in Headers */ = {isa = PBXBuildFile; fileRef = F03219B61FD6C2FF0016BBA1 /* protoo.h */; settings = {ATTRIBUTES = (Public, ); }; };
		F03219BF1FD6C9470016BBA1 /* Message.swift in Sources */ = {isa = PBXBuildFile; fileRef = F03219BE1FD6C9470016BBA1 /* Message.swift */; };
		F03219C11FD6C9600016BBA1 /* Signaling.swift in Sources */ = {isa = PBXBuildFile; fileRef = F03219C01FD6C9600016BBA1 /* Signaling.swift */; };
		F03219C31FD6C9BD0016BBA1 /* WebSocketTransport.swift in Sources */ = {isa = PBXBuildFile; fileRef = F03219C21FD6C9BD0016BBA1 /* WebSocketTransport.swift */; };
		F0F3F7391FD7DC7100E04642 /* Starscream.framework in Frameworks */ = {isa = PBXBuildFile; fileRef = F0F3F73A1FD7DC7100E04642 /* Starscream.framework */; };
/* End PBXBuildFile section */

/* Begin PBXFileReference section */
		1D84028B09E0B274CB59545A /* Pods_protoo.framework */ = {isa = PBXFileReference; explicitFileType = wrapper.framework; includeInIndex = 0; path = Pods_protoo.framework; sourceTree = BUILT_PRODUCTS_DIR; };
		97DEE17F8FD157959CFD03CA /* Pods-protoo.debug.xcconfig */ = {isa = PBXFileReference; includeInIndex = 1; lastKnownFileType = text.xcconfig; name = "Pods-protoo.debug.xcconfig"; path = "../Pods/Target Support Files/Pods-protoo/Pods-protoo.debug.xcconfig"; sourceTree = "<group>"; };
		9F0F899FC1B51AA0DFD3FE04 /* Pods-protoo.release.xcconfig */ = {isa = PBXFileReference; includeInIndex = 1; lastKnownFileType = text.xcconfig; name = "Pods-protoo.release.xcconfig"; path = "../Pods/Target Support Files/Pods-protoo/Pods-protoo.release.xcconfig"; sourceTree = "<group>"; };
		F00F67331FD7ECAE00D5852F /* SwiftyJSON.framework */ = {isa = PBXFileReference; explicitFileType = wrapper.framework; path = SwiftyJSON.framework; sourceTree = BUILT_PRODUCTS_DIR; };
		F00F67341FD7FC3C00D5852F /* Retry.swift */ = {isa = PBXFileReference; lastKnownFileType = sourcecode.swift; path = Retry.swift; sourceTree = "<group>"; };
		F03219B31FD6C2FF0016BBA1 /* protoo.framework */ = {isa = PBXFileReference; explicitFileType = wrapper.framework; includeInIndex = 0; path = protoo.framework; sourceTree = BUILT_PRODUCTS_DIR; };
		F03219B61FD6C2FF0016BBA1 /* protoo.h */ = {isa = PBXFileReference; lastKnownFileType = sourcecode.c.h; path = protoo.h; sourceTree = "<group>"; };
		F03219B71FD6C2FF0016BBA1 /* Info.plist */ = {isa = PBXFileReference; lastKnownFileType = text.plist.xml; path = Info.plist; sourceTree = "<group>"; };
		F03219BE1FD6C9470016BBA1 /* Message.swift */ = {isa = PBXFileReference; lastKnownFileType = sourcecode.swift; path = Message.swift; sourceTree = "<group>"; };
		F03219C01FD6C9600016BBA1 /* Signaling.swift */ = {isa = PBXFileReference; lastKnownFileType = sourcecode.swift; path = Signaling.swift; sourceTree = "<group>"; };
		F03219C21FD6C9BD0016BBA1 /* WebSocketTransport.swift */ = {isa = PBXFileReference; lastKnownFileType = sourcecode.swift; path = WebSocketTransport.swift; sourceTree = "<group>"; };
		F0F3F73A1FD7DC7100E04642 /* Starscream.framework */ = {isa = PBXFileReference; explicitFileType = wrapper.framework; path = Starscream.framework; sourceTree = BUILT_PRODUCTS_DIR; };
/* End PBXFileReference section */

/* Begin PBXFrameworksBuildPhase section */
		F03219AF1FD6C2FF0016BBA1 /* Frameworks */ = {
			isa = PBXFrameworksBuildPhase;
			buildActionMask = 2147483647;
			files = (
				F00F67321FD7ECAE00D5852F /* SwiftyJSON.framework in Frameworks */,
				F0F3F7391FD7DC7100E04642 /* Starscream.framework in Frameworks */,
				5F6EA608FE690F59908A5F01 /* Pods_protoo.framework in Frameworks */,
			);
			runOnlyForDeploymentPostprocessing = 0;
		};
/* End PBXFrameworksBuildPhase section */

/* Begin PBXGroup section */
		2C7B1011CF043F554944DBCD /* Frameworks */ = {
			isa = PBXGroup;
			children = (
				F00F67331FD7ECAE00D5852F /* SwiftyJSON.framework */,
				F0F3F73A1FD7DC7100E04642 /* Starscream.framework */,
				1D84028B09E0B274CB59545A /* Pods_protoo.framework */,
			);
			name = Frameworks;
			sourceTree = "<group>";
		};
		C1FDDE564AB7B9F14EB25ADB /* Pods */ = {
			isa = PBXGroup;
			children = (
				97DEE17F8FD157959CFD03CA /* Pods-protoo.debug.xcconfig */,
				9F0F899FC1B51AA0DFD3FE04 /* Pods-protoo.release.xcconfig */,
			);
			name = Pods;
			sourceTree = "<group>";
		};
		F03219A91FD6C2FF0016BBA1 = {
			isa = PBXGroup;
			children = (
				F03219B51FD6C2FF0016BBA1 /* protoo */,
				F03219B41FD6C2FF0016BBA1 /* Products */,
				C1FDDE564AB7B9F14EB25ADB /* Pods */,
				2C7B1011CF043F554944DBCD /* Frameworks */,
			);
			sourceTree = "<group>";
		};
		F03219B41FD6C2FF0016BBA1 /* Products */ = {
			isa = PBXGroup;
			children = (
				F03219B31FD6C2FF0016BBA1 /* protoo.framework */,
			);
			name = Products;
			sourceTree = "<group>";
		};
		F03219B51FD6C2FF0016BBA1 /* protoo */ = {
			isa = PBXGroup;
			children = (
				F03219B61FD6C2FF0016BBA1 /* protoo.h */,
				F03219B71FD6C2FF0016BBA1 /* Info.plist */,
				F03219BE1FD6C9470016BBA1 /* Message.swift */,
				F03219C01FD6C9600016BBA1 /* Signaling.swift */,
				F03219C21FD6C9BD0016BBA1 /* WebSocketTransport.swift */,
				F00F67341FD7FC3C00D5852F /* Retry.swift */,
			);
			path = protoo;
			sourceTree = "<group>";
		};
/* End PBXGroup section */

/* Begin PBXHeadersBuildPhase section */
		F03219B01FD6C2FF0016BBA1 /* Headers */ = {
			isa = PBXHeadersBuildPhase;
			buildActionMask = 2147483647;
			files = (
				F03219B81FD6C2FF0016BBA1 /* protoo.h in Headers */,
			);
			runOnlyForDeploymentPostprocessing = 0;
		};
/* End PBXHeadersBuildPhase section */

/* Begin PBXNativeTarget section */
		F03219B21FD6C2FF0016BBA1 /* protoo */ = {
			isa = PBXNativeTarget;
			buildConfigurationList = F03219BB1FD6C2FF0016BBA1 /* Build configuration list for PBXNativeTarget "protoo" */;
			buildPhases = (
				A0378655A8D706FC100A937E /* [CP] Check Pods Manifest.lock */,
				F03219AE1FD6C2FF0016BBA1 /* Sources */,
				F03219AF1FD6C2FF0016BBA1 /* Frameworks */,
				F03219B01FD6C2FF0016BBA1 /* Headers */,
				F03219B11FD6C2FF0016BBA1 /* Resources */,
				597E53A3538AFFFA08A986CE /* [CP] Copy Pods Resources */,
			);
			buildRules = (
			);
			dependencies = (
			);
			name = protoo;
			productName = protoo;
			productReference = F03219B31FD6C2FF0016BBA1 /* protoo.framework */;
			productType = "com.apple.product-type.framework";
		};
/* End PBXNativeTarget section */

/* Begin PBXProject section */
		F03219AA1FD6C2FF0016BBA1 /* Project object */ = {
			isa = PBXProject;
			attributes = {
				LastUpgradeCheck = 0920;
				ORGANIZATIONNAME = dotEngine;
				TargetAttributes = {
					F03219B21FD6C2FF0016BBA1 = {
						CreatedOnToolsVersion = 9.2;
						LastSwiftMigration = 0920;
						ProvisioningStyle = Automatic;
					};
				};
			};
			buildConfigurationList = F03219AD1FD6C2FF0016BBA1 /* Build configuration list for PBXProject "protoo" */;
			compatibilityVersion = "Xcode 8.0";
			developmentRegion = en;
			hasScannedForEncodings = 0;
			knownRegions = (
				en,
			);
			mainGroup = F03219A91FD6C2FF0016BBA1;
			productRefGroup = F03219B41FD6C2FF0016BBA1 /* Products */;
			projectDirPath = "";
			projectRoot = "";
			targets = (
				F03219B21FD6C2FF0016BBA1 /* protoo */,
			);
		};
/* End PBXProject section */

/* Begin PBXResourcesBuildPhase section */
		F03219B11FD6C2FF0016BBA1 /* Resources */ = {
			isa = PBXResourcesBuildPhase;
			buildActionMask = 2147483647;
			files = (
			);
			runOnlyForDeploymentPostprocessing = 0;
		};
/* End PBXResourcesBuildPhase section */

/* Begin PBXShellScriptBuildPhase section */
		597E53A3538AFFFA08A986CE /* [CP] Copy Pods Resources */ = {
			isa = PBXShellScriptBuildPhase;
			buildActionMask = 2147483647;
			files = (
			);
			inputPaths = (
			);
			name = "[CP] Copy Pods Resources";
			outputPaths = (
			);
			runOnlyForDeploymentPostprocessing = 0;
			shellPath = /bin/sh;
			shellScript = "\"${SRCROOT}/../Pods/Target Support Files/Pods-protoo/Pods-protoo-resources.sh\"\n";
			showEnvVarsInLog = 0;
		};
		A0378655A8D706FC100A937E /* [CP] Check Pods Manifest.lock */ = {
			isa = PBXShellScriptBuildPhase;
			buildActionMask = 2147483647;
			files = (
			);
			inputPaths = (
				"${PODS_PODFILE_DIR_PATH}/Podfile.lock",
				"${PODS_ROOT}/Manifest.lock",
			);
			name = "[CP] Check Pods Manifest.lock";
			outputPaths = (
				"$(DERIVED_FILE_DIR)/Pods-protoo-checkManifestLockResult.txt",
			);
			runOnlyForDeploymentPostprocessing = 0;
			shellPath = /bin/sh;
			shellScript = "diff \"${PODS_PODFILE_DIR_PATH}/Podfile.lock\" \"${PODS_ROOT}/Manifest.lock\" > /dev/null\nif [ $? != 0 ] ; then\n    # print error to STDERR\n    echo \"error: The sandbox is not in sync with the Podfile.lock. Run 'pod install' or update your CocoaPods installation.\" >&2\n    exit 1\nfi\n# This output is used by Xcode 'outputs' to avoid re-running this script phase.\necho \"SUCCESS\" > \"${SCRIPT_OUTPUT_FILE_0}\"\n";
			showEnvVarsInLog = 0;
		};
/* End PBXShellScriptBuildPhase section */

/* Begin PBXSourcesBuildPhase section */
		F03219AE1FD6C2FF0016BBA1 /* Sources */ = {
			isa = PBXSourcesBuildPhase;
			buildActionMask = 2147483647;
			files = (
				F00F67351FD7FC3C00D5852F /* Retry.swift in Sources */,
				F03219BF1FD6C9470016BBA1 /* Message.swift in Sources */,
				F03219C31FD6C9BD0016BBA1 /* WebSocketTransport.swift in Sources */,
				F03219C11FD6C9600016BBA1 /* Signaling.swift in Sources */,
			);
			runOnlyForDeploymentPostprocessing = 0;
		};
/* End PBXSourcesBuildPhase section */

/* Begin XCBuildConfiguration section */
		F03219B91FD6C2FF0016BBA1 /* Debug */ = {
			isa = XCBuildConfiguration;
			buildSettings = {
				ALWAYS_SEARCH_USER_PATHS = NO;
				CLANG_ANALYZER_NONNULL = YES;
				CLANG_ANALYZER_NUMBER_OBJECT_CONVERSION = YES_AGGRESSIVE;
				CLANG_CXX_LANGUAGE_STANDARD = "gnu++14";
				CLANG_CXX_LIBRARY = "libc++";
				CLANG_ENABLE_MODULES = YES;
				CLANG_ENABLE_OBJC_ARC = YES;
				CLANG_WARN_BLOCK_CAPTURE_AUTORELEASING = YES;
				CLANG_WARN_BOOL_CONVERSION = YES;
				CLANG_WARN_COMMA = YES;
				CLANG_WARN_CONSTANT_CONVERSION = YES;
				CLANG_WARN_DIRECT_OBJC_ISA_USAGE = YES_ERROR;
				CLANG_WARN_DOCUMENTATION_COMMENTS = YES;
				CLANG_WARN_EMPTY_BODY = YES;
				CLANG_WARN_ENUM_CONVERSION = YES;
				CLANG_WARN_INFINITE_RECURSION = YES;
				CLANG_WARN_INT_CONVERSION = YES;
				CLANG_WARN_NON_LITERAL_NULL_CONVERSION = YES;
				CLANG_WARN_OBJC_LITERAL_CONVERSION = YES;
				CLANG_WARN_OBJC_ROOT_CLASS = YES_ERROR;
				CLANG_WARN_RANGE_LOOP_ANALYSIS = YES;
				CLANG_WARN_STRICT_PROTOTYPES = YES;
				CLANG_WARN_SUSPICIOUS_MOVE = YES;
				CLANG_WARN_UNGUARDED_AVAILABILITY = YES_AGGRESSIVE;
				CLANG_WARN_UNREACHABLE_CODE = YES;
				CLANG_WARN__DUPLICATE_METHOD_MATCH = YES;
				CODE_SIGN_IDENTITY = "iPhone Developer";
				COPY_PHASE_STRIP = NO;
				CURRENT_PROJECT_VERSION = 1;
				DEBUG_INFORMATION_FORMAT = dwarf;
				ENABLE_STRICT_OBJC_MSGSEND = YES;
				ENABLE_TESTABILITY = YES;
				GCC_C_LANGUAGE_STANDARD = gnu11;
				GCC_DYNAMIC_NO_PIC = NO;
				GCC_NO_COMMON_BLOCKS = YES;
				GCC_OPTIMIZATION_LEVEL = 0;
				GCC_PREPROCESSOR_DEFINITIONS = (
					"DEBUG=1",
					"$(inherited)",
				);
				GCC_WARN_64_TO_32_BIT_CONVERSION = YES;
				GCC_WARN_ABOUT_RETURN_TYPE = YES_ERROR;
				GCC_WARN_UNDECLARED_SELECTOR = YES;
				GCC_WARN_UNINITIALIZED_AUTOS = YES_AGGRESSIVE;
				GCC_WARN_UNUSED_FUNCTION = YES;
				GCC_WARN_UNUSED_VARIABLE = YES;
				IPHONEOS_DEPLOYMENT_TARGET = 11.2;
				MTL_ENABLE_DEBUG_INFO = YES;
				ONLY_ACTIVE_ARCH = YES;
				SDKROOT = iphoneos;
				SWIFT_ACTIVE_COMPILATION_CONDITIONS = DEBUG;
				SWIFT_OPTIMIZATION_LEVEL = "-Onone";
				SWIFT_VERSION = 4.0;
				VERSIONING_SYSTEM = "apple-generic";
				VERSION_INFO_PREFIX = "";
			};
			name = Debug;
		};
		F03219BA1FD6C2FF0016BBA1 /* Release */ = {
			isa = XCBuildConfiguration;
			buildSettings = {
				ALWAYS_SEARCH_USER_PATHS = NO;
				CLANG_ANALYZER_NONNULL = YES;
				CLANG_ANALYZER_NUMBER_OBJECT_CONVERSION = YES_AGGRESSIVE;
				CLANG_CXX_LANGUAGE_STANDARD = "gnu++14";
				CLANG_CXX_LIBRARY = "libc++";
				CLANG_ENABLE_MODULES = YES;
				CLANG_ENABLE_OBJC_ARC = YES;
				CLANG_WARN_BLOCK_CAPTURE_AUTORELEASING = YES;
				CLANG_WARN_BOOL_CONVERSION = YES;
				CLANG_WARN_COMMA = YES;
				CLANG_WARN_CONSTANT_CONVERSION = YES;
				CLANG_WARN_DIRECT_OBJC_ISA_USAGE = YES_ERROR;
				CLANG_WARN_DOCUMENTATION_COMMENTS = YES;
				CLANG_WARN_EMPTY_BODY = YES;
				CLANG_WARN_ENUM_CONVERSION = YES;
				CLANG_WARN_INFINITE_RECURSION = YES;
				CLANG_WARN_INT_CONVERSION = YES;
				CLANG_WARN_NON_LITERAL_NULL_CONVERSION = YES;
				CLANG_WARN_OBJC_LITERAL_CONVERSION = YES;
				CLANG_WARN_OBJC_ROOT_CLASS = YES_ERROR;
				CLANG_WARN_RANGE_LOOP_ANALYSIS = YES;
				CLANG_WARN_STRICT_PROTOTYPES = YES;
				CLANG_WARN_SUSPICIOUS_MOVE = YES;
				CLANG_WARN_UNGUARDED_AVAILABILITY = YES_AGGRESSIVE;
				CLANG_WARN_UNREACHABLE_CODE = YES;
				CLANG_WARN__DUPLICATE_METHOD_MATCH = YES;
				CODE_SIGN_IDENTITY = "iPhone Developer";
				COPY_PHASE_STRIP = NO;
				CURRENT_PROJECT_VERSION = 1;
				DEBUG_INFORMATION_FORMAT = "dwarf-with-dsym";
				ENABLE_NS_ASSERTIONS = NO;
				ENABLE_STRICT_OBJC_MSGSEND = YES;
				GCC_C_LANGUAGE_STANDARD = gnu11;
				GCC_NO_COMMON_BLOCKS = YES;
				GCC_WARN_64_TO_32_BIT_CONVERSION = YES;
				GCC_WARN_ABOUT_RETURN_TYPE = YES_ERROR;
				GCC_WARN_UNDECLARED_SELECTOR = YES;
				GCC_WARN_UNINITIALIZED_AUTOS = YES_AGGRESSIVE;
				GCC_WARN_UNUSED_FUNCTION = YES;
				GCC_WARN_UNUSED_VARIABLE = YES;
				IPHONEOS_DEPLOYMENT_TARGET = 11.2;
				MTL_ENABLE_DEBUG_INFO = NO;
				SDKROOT = iphoneos;
				SWIFT_OPTIMIZATION_LEVEL = "-Owholemodule";
				SWIFT_VERSION = 4.0;
				VALIDATE_PRODUCT = YES;
				VERSIONING_SYSTEM = "apple-generic";
				VERSION_INFO_PREFIX = "";
			};
			name = Release;
		};
		F03219BC1FD6C2FF0016BBA1 /* Debug */ = {
			isa = XCBuildConfiguration;
			baseConfigurationReference = 97DEE17F8FD157959CFD03CA /* Pods-protoo.debug.xcconfig */;
			buildSettings = {
				CLANG_ENABLE_MODULES = YES;
				CODE_SIGN_IDENTITY = "";
				CODE_SIGN_STYLE = Automatic;
				DEFINES_MODULE = YES;
				DEVELOPMENT_TEAM = CLKRLU8RPY;
				DYLIB_COMPATIBILITY_VERSION = 1;
				DYLIB_CURRENT_VERSION = 1;
				DYLIB_INSTALL_NAME_BASE = "@rpath";
				INFOPLIST_FILE = protoo/Info.plist;
				INSTALL_PATH = "$(LOCAL_LIBRARY_DIR)/Frameworks";
				LD_RUNPATH_SEARCH_PATHS = "$(inherited) @executable_path/Frameworks @loader_path/Frameworks";
				PRODUCT_BUNDLE_IDENTIFIER = cc.dot.protoo;
				PRODUCT_NAME = "$(TARGET_NAME:c99extidentifier)";
				SKIP_INSTALL = YES;
				SWIFT_OPTIMIZATION_LEVEL = "-Onone";
				SWIFT_VERSION = 4.0;
				TARGETED_DEVICE_FAMILY = "1,2";
			};
			name = Debug;
		};
		F03219BD1FD6C2FF0016BBA1 /* Release */ = {
			isa = XCBuildConfiguration;
			baseConfigurationReference = 9F0F899FC1B51AA0DFD3FE04 /* Pods-protoo.release.xcconfig */;
			buildSettings = {
				CLANG_ENABLE_MODULES = YES;
				CODE_SIGN_IDENTITY = "";
				CODE_SIGN_STYLE = Automatic;
				DEFINES_MODULE = YES;
				DEVELOPMENT_TEAM = CLKRLU8RPY;
				DYLIB_COMPATIBILITY_VERSION = 1;
				DYLIB_CURRENT_VERSION = 1;
				DYLIB_INSTALL_NAME_BASE = "@rpath";
				INFOPLIST_FILE = protoo/Info.plist;
				INSTALL_PATH = "$(LOCAL_LIBRARY_DIR)/Frameworks";
				LD_RUNPATH_SEARCH_PATHS = "$(inherited) @executable_path/Frameworks @loader_path/Frameworks";
				PRODUCT_BUNDLE_IDENTIFIER = cc.dot.protoo;
				PRODUCT_NAME = "$(TARGET_NAME:c99extidentifier)";
				SKIP_INSTALL = YES;
				SWIFT_VERSION = 4.0;
				TARGETED_DEVICE_FAMILY = "1,2";
			};
			name = Release;
		};
/* End XCBuildConfiguration section */

/* Begin XCConfigurationList section */
		F03219AD1FD6C2FF0016BBA1 /* Build configuration list for PBXProject "protoo" */ = {
			isa = XCConfigurationList;
			buildConfigurations = (
				F03219B91FD6C2FF0016BBA1 /* Debug */,
				F03219BA1FD6C2FF0016BBA1 /* Release */,
			);
			defaultConfigurationIsVisible = 0;
			defaultConfigurationName = Release;
		};
		F03219BB1FD6C2FF0016BBA1 /* Build configuration list for PBXNativeTarget "protoo" */ = {
			isa = XCConfigurationList;
			buildConfigurations = (
				F03219BC1FD6C2FF0016BBA1 /* Debug */,
				F03219BD1FD6C2FF0016BBA1 /* Release */,
			);
			defaultConfigurationIsVisible = 0;
			defaultConfigurationName = Release;
		};
/* End XCConfigurationList section */
	};
	rootObject = F03219AA1FD6C2FF0016BBA1 /* Project object */;
}
